
Microsoft Visual Studio Solution File, Format Version 12.00
# Visual Studio 2013
VisualStudioVersion = 12.0.30501.0
MinimumVisualStudioVersion = 10.0.40219.1
Project("{FAE04EC0-301F-11D3-BF4B-00C04F79EFBC}") = "BizTalk Server Project1", "BizTalk Server Project1\BizTalk Server Project1.btproj", "{8D5D74D4-68A6-4161-8929-A8DA75F0E570}"
EndProject
Global
	GlobalSection(SolutionConfigurationPlatforms) = preSolution
		Debug|Any CPU = Debug|Any CPU
		Release|Any CPU = Release|Any CPU
	EndGlobalSection
	GlobalSection(ProjectConfigurationPlatforms) = postSolution
		{8D5D74D4-68A6-4161-8929-A8DA75F0E570}.Debug|Any CPU.ActiveCfg = Debug|Any CPU
		{8D5D74D4-68A6-4161-8929-A8DA75F0E570}.Debug|Any CPU.Build.0 = Debug|Any CPU
		{8D5D74D4-68A6-4161-8929-A8DA75F0E570}.Debug|Any CPU.Deploy.0 = Debug|Any CPU
		{8D5D74D4-68A6-4161-8929-A8DA75F0E570}.Release|Any CPU.ActiveCfg = Release|Any CPU
		{8D5D74D4-68A6-4161-8929-A8DA75F0E570}.Release|Any CPU.Build.0 = Release|Any CPU
		{8D5D74D4-68A6-4161-8929-A8DA75F0E570}.Release|Any CPU.Deploy.0 = Release|Any CPU
	EndGlobalSection
	GlobalSection(SolutionProperties) = preSolution
		HideSolutionNode = FALSE
	EndGlobalSection
EndGlobal
